
Microsoft Visual Studio Solution File, Format Version 12.00
# Visual Studio Version 17
VisualStudioVersion = 17.3.32929.385
MinimumVisualStudioVersion = 10.0.40219.1
Project("{FAE04EC0-301F-11D3-BF4B-00C04F79EFBC}") = "Multas", "Multas\Multas.csproj", "{4966F1DE-66EB-49C0-AFF1-00AF0A970295}"
EndProject
Global
	GlobalSection(SolutionConfigurationPlatforms) = preSolution
		Debug|Any CPU = Debug|Any CPU
		Release|Any CPU = Release|Any CPU
	EndGlobalSection
	GlobalSection(ProjectConfigurationPlatforms) = postSolution
		{4966F1DE-66EB-49C0-AFF1-00AF0A970295}.Debug|Any CPU.ActiveCfg = Debug|Any CPU
		{4966F1DE-66EB-49C0-AFF1-00AF0A970295}.Debug|Any CPU.Build.0 = Debug|Any CPU
		{4966F1DE-66EB-49C0-AFF1-00AF0A970295}.Release|Any CPU.ActiveCfg = Release|Any CPU
		{4966F1DE-66EB-49C0-AFF1-00AF0A970295}.Release|Any CPU.Build.0 = Release|Any CPU
	EndGlobalSection
	GlobalSection(SolutionProperties) = preSolution
		HideSolutionNode = FALSE
	EndGlobalSection
	GlobalSection(ExtensibilityGlobals) = postSolution
		SolutionGuid = {1F9A7DF8-34AB-4192-80E2-913094C1CAE8}
	EndGlobalSection
EndGlobal
